// !$*UTF8*$!
{
	archiveVersion = 1;
	classes = {
	};
	objectVersion = 50;
	objects = {

/* Begin PBXBuildFile section */
		2B90CB67BEBE2483941E78A3 /* Pods_PracticeRxswift3Tests.framework in Frameworks */ = {isa = PBXBuildFile; fileRef = EF7B4814C3BA8E00BE99FFCE /* Pods_PracticeRxswift3Tests.framework */; };
		71EBC62A5C6E8FE0DD970B95 /* Pods_PracticeRxswift3.framework in Frameworks */ = {isa = PBXBuildFile; fileRef = F83813E7A316F349003CFDE0 /* Pods_PracticeRxswift3.framework */; };
		C96629832247C67000DFD685 /* CircleViewModel.swift in Sources */ = {isa = PBXBuildFile; fileRef = C96629822247C67000DFD685 /* CircleViewModel.swift */; };
		C99940B02244D3BA00700330 /* AppDelegate.swift in Sources */ = {isa = PBXBuildFile; fileRef = C99940AF2244D3BA00700330 /* AppDelegate.swift */; };
		C99940B22244D3BA00700330 /* ViewController.swift in Sources */ = {isa = PBXBuildFile; fileRef = C99940B12244D3BA00700330 /* ViewController.swift */; };
		C99940B52244D3BA00700330 /* Main.storyboard in Resources */ = {isa = PBXBuildFile; fileRef = C99940B32244D3BA00700330 /* Main.storyboard */; };
		C99940B82244D3BA00700330 /* PracticeRxswift3.xcdatamodeld in Sources */ = {isa = PBXBuildFile; fileRef = C99940B62244D3BA00700330 /* PracticeRxswift3.xcdatamodeld */; };
		C99940BA2244D3BC00700330 /* Assets.xcassets in Resources */ = {isa = PBXBuildFile; fileRef = C99940B92244D3BC00700330 /* Assets.xcassets */; };
		C99940BD2244D3BC00700330 /* LaunchScreen.storyboard in Resources */ = {isa = PBXBuildFile; fileRef = C99940BB2244D3BC00700330 /* LaunchScreen.storyboard */; };
		C99940C82244D3BC00700330 /* PracticeRxswift3Tests.swift in Sources */ = {isa = PBXBuildFile; fileRef = C99940C72244D3BC00700330 /* PracticeRxswift3Tests.swift */; };
/* End PBXBuildFile section */

/* Begin PBXContainerItemProxy section */
		C99940C42244D3BC00700330 /* PBXContainerItemProxy */ = {
			isa = PBXContainerItemProxy;
			containerPortal = C99940A42244D3BA00700330 /* Project object */;
			proxyType = 1;
			remoteGlobalIDString = C99940AB2244D3BA00700330;
			remoteInfo = PracticeRxswift3;
		};
/* End PBXContainerItemProxy section */

/* Begin PBXFileReference section */
		08D1DE06CA17E2BFEA62EEF2 /* Pods-PracticeRxswift3.release.xcconfig */ = {isa = PBXFileReference; includeInIndex = 1; lastKnownFileType = text.xcconfig; name = "Pods-PracticeRxswift3.release.xcconfig"; path = "Target Support Files/Pods-PracticeRxswift3/Pods-PracticeRxswift3.release.xcconfig"; sourceTree = "<group>"; };
		4418D0D52FC21D7F639522BB /* Pods-PracticeRxswift3Tests.debug.xcconfig */ = {isa = PBXFileReference; includeInIndex = 1; lastKnownFileType = text.xcconfig; name = "Pods-PracticeRxswift3Tests.debug.xcconfig"; path = "Target Support Files/Pods-PracticeRxswift3Tests/Pods-PracticeRxswift3Tests.debug.xcconfig"; sourceTree = "<group>"; };
		58B0A640C65FDA22DF1B7F5A /* Pods-PracticeRxswift3.debug.xcconfig */ = {isa = PBXFileReference; includeInIndex = 1; lastKnownFileType = text.xcconfig; name = "Pods-PracticeRxswift3.debug.xcconfig"; path = "Target Support Files/Pods-PracticeRxswift3/Pods-PracticeRxswift3.debug.xcconfig"; sourceTree = "<group>"; };
		C96629822247C67000DFD685 /* CircleViewModel.swift */ = {isa = PBXFileReference; lastKnownFileType = sourcecode.swift; path = CircleViewModel.swift; sourceTree = "<group>"; };
		C99940AC2244D3BA00700330 /* PracticeRxswift3.app */ = {isa = PBXFileReference; explicitFileType = wrapper.application; includeInIndex = 0; path = PracticeRxswift3.app; sourceTree = BUILT_PRODUCTS_DIR; };
		C99940AF2244D3BA00700330 /* AppDelegate.swift */ = {isa = PBXFileReference; lastKnownFileType = sourcecode.swift; path = AppDelegate.swift; sourceTree = "<group>"; };
		C99940B12244D3BA00700330 /* ViewController.swift */ = {isa = PBXFileReference; lastKnownFileType = sourcecode.swift; path = ViewController.swift; sourceTree = "<group>"; };
		C99940B42244D3BA00700330 /* Base */ = {isa = PBXFileReference; lastKnownFileType = file.storyboard; name = Base; path = Base.lproj/Main.storyboard; sourceTree = "<group>"; };
		C99940B72244D3BA00700330 /* PracticeRxswift3.xcdatamodel */ = {isa = PBXFileReference; lastKnownFileType = wrapper.xcdatamodel; path = PracticeRxswift3.xcdatamodel; sourceTree = "<group>"; };
		C99940B92244D3BC00700330 /* Assets.xcassets */ = {isa = PBXFileReference; lastKnownFileType = folder.assetcatalog; path = Assets.xcassets; sourceTree = "<group>"; };
		C99940BC2244D3BC00700330 /* Base */ = {isa = PBXFileReference; lastKnownFileType = file.storyboard; name = Base; path = Base.lproj/LaunchScreen.storyboard; sourceTree = "<group>"; };
		C99940BE2244D3BC00700330 /* Info.plist */ = {isa = PBXFileReference; lastKnownFileType = text.plist.xml; path = Info.plist; sourceTree = "<group>"; };
		C99940C32244D3BC00700330 /* PracticeRxswift3Tests.xctest */ = {isa = PBXFileReference; explicitFileType = wrapper.cfbundle; includeInIndex = 0; path = PracticeRxswift3Tests.xctest; sourceTree = BUILT_PRODUCTS_DIR; };
		C99940C72244D3BC00700330 /* PracticeRxswift3Tests.swift */ = {isa = PBXFileReference; lastKnownFileType = sourcecode.swift; path = PracticeRxswift3Tests.swift; sourceTree = "<group>"; };
		C99940C92244D3BC00700330 /* Info.plist */ = {isa = PBXFileReference; lastKnownFileType = text.plist.xml; path = Info.plist; sourceTree = "<group>"; };
		CC35A9AD0055E4CF236E03BB /* Pods-PracticeRxswift3Tests.release.xcconfig */ = {isa = PBXFileReference; includeInIndex = 1; lastKnownFileType = text.xcconfig; name = "Pods-PracticeRxswift3Tests.release.xcconfig"; path = "Target Support Files/Pods-PracticeRxswift3Tests/Pods-PracticeRxswift3Tests.release.xcconfig"; sourceTree = "<group>"; };
		EF7B4814C3BA8E00BE99FFCE /* Pods_PracticeRxswift3Tests.framework */ = {isa = PBXFileReference; explicitFileType = wrapper.framework; includeInIndex = 0; path = Pods_PracticeRxswift3Tests.framework; sourceTree = BUILT_PRODUCTS_DIR; };
		F83813E7A316F349003CFDE0 /* Pods_PracticeRxswift3.framework */ = {isa = PBXFileReference; explicitFileType = wrapper.framework; includeInIndex = 0; path = Pods_PracticeRxswift3.framework; sourceTree = BUILT_PRODUCTS_DIR; };
/* End PBXFileReference section */

/* Begin PBXFrameworksBuildPhase section */
		C99940A92244D3BA00700330 /* Frameworks */ = {
			isa = PBXFrameworksBuildPhase;
			buildActionMask = 2147483647;
			files = (
				71EBC62A5C6E8FE0DD970B95 /* Pods_PracticeRxswift3.framework in Frameworks */,
			);
			runOnlyForDeploymentPostprocessing = 0;
		};
		C99940C02244D3BC00700330 /* Frameworks */ = {
			isa = PBXFrameworksBuildPhase;
			buildActionMask = 2147483647;
			files = (
				2B90CB67BEBE2483941E78A3 /* Pods_PracticeRxswift3Tests.framework in Frameworks */,
			);
			runOnlyForDeploymentPostprocessing = 0;
		};
/* End PBXFrameworksBuildPhase section */

/* Begin PBXGroup section */
		3667DF0A527D49B538E2EE42 /* Pods */ = {
			isa = PBXGroup;
			children = (
				58B0A640C65FDA22DF1B7F5A /* Pods-PracticeRxswift3.debug.xcconfig */,
				08D1DE06CA17E2BFEA62EEF2 /* Pods-PracticeRxswift3.release.xcconfig */,
				4418D0D52FC21D7F639522BB /* Pods-PracticeRxswift3Tests.debug.xcconfig */,
				CC35A9AD0055E4CF236E03BB /* Pods-PracticeRxswift3Tests.release.xcconfig */,
			);
			path = Pods;
			sourceTree = "<group>";
		};
		56219A7344522939EBBE81F2 /* Frameworks */ = {
			isa = PBXGroup;
			children = (
				F83813E7A316F349003CFDE0 /* Pods_PracticeRxswift3.framework */,
				EF7B4814C3BA8E00BE99FFCE /* Pods_PracticeRxswift3Tests.framework */,
			);
			name = Frameworks;
			sourceTree = "<group>";
		};
		C99940A32244D3BA00700330 = {
			isa = PBXGroup;
			children = (
				C99940AE2244D3BA00700330 /* PracticeRxswift3 */,
				C99940C62244D3BC00700330 /* PracticeRxswift3Tests */,
				C99940AD2244D3BA00700330 /* Products */,
				3667DF0A527D49B538E2EE42 /* Pods */,
				56219A7344522939EBBE81F2 /* Frameworks */,
			);
			sourceTree = "<group>";
		};
		C99940AD2244D3BA00700330 /* Products */ = {
			isa = PBXGroup;
			children = (
				C99940AC2244D3BA00700330 /* PracticeRxswift3.app */,
				C99940C32244D3BC00700330 /* PracticeRxswift3Tests.xctest */,
			);
			name = Products;
			sourceTree = "<group>";
		};
		C99940AE2244D3BA00700330 /* PracticeRxswift3 */ = {
			isa = PBXGroup;
			children = (
				C99940AF2244D3BA00700330 /* AppDelegate.swift */,
				C99940B12244D3BA00700330 /* ViewController.swift */,
				C99940B32244D3BA00700330 /* Main.storyboard */,
				C99940B92244D3BC00700330 /* Assets.xcassets */,
				C99940BB2244D3BC00700330 /* LaunchScreen.storyboard */,
				C99940BE2244D3BC00700330 /* Info.plist */,
				C99940B62244D3BA00700330 /* PracticeRxswift3.xcdatamodeld */,
				C96629822247C67000DFD685 /* CircleViewModel.swift */,
			);
			path = PracticeRxswift3;
			sourceTree = "<group>";
		};
		C99940C62244D3BC00700330 /* PracticeRxswift3Tests */ = {
			isa = PBXGroup;
			children = (
				C99940C72244D3BC00700330 /* PracticeRxswift3Tests.swift */,
				C99940C92244D3BC00700330 /* Info.plist */,
			);
			path = PracticeRxswift3Tests;
			sourceTree = "<group>";
		};
/* End PBXGroup section */

/* Begin PBXNativeTarget section */
		C99940AB2244D3BA00700330 /* PracticeRxswift3 */ = {
			isa = PBXNativeTarget;
			buildConfigurationList = C99940CC2244D3BC00700330 /* Build configuration list for PBXNativeTarget "PracticeRxswift3" */;
			buildPhases = (
				2A126B66E384E066C706AB28 /* [CP] Check Pods Manifest.lock */,
				C99940A82244D3BA00700330 /* Sources */,
				C99940A92244D3BA00700330 /* Frameworks */,
				C99940AA2244D3BA00700330 /* Resources */,
				D1A62D1B9820100E0E2BD9C5 /* [CP] Embed Pods Frameworks */,
			);
			buildRules = (
			);
			dependencies = (
			);
			name = PracticeRxswift3;
			productName = PracticeRxswift3;
			productReference = C99940AC2244D3BA00700330 /* PracticeRxswift3.app */;
			productType = "com.apple.product-type.application";
		};
		C99940C22244D3BC00700330 /* PracticeRxswift3Tests */ = {
			isa = PBXNativeTarget;
			buildConfigurationList = C99940CF2244D3BC00700330 /* Build configuration list for PBXNativeTarget "PracticeRxswift3Tests" */;
			buildPhases = (
				1483DDA3FC58C025974DF143 /* [CP] Check Pods Manifest.lock */,
				C99940BF2244D3BC00700330 /* Sources */,
				C99940C02244D3BC00700330 /* Frameworks */,
				C99940C12244D3BC00700330 /* Resources */,
			);
			buildRules = (
			);
			dependencies = (
				C99940C52244D3BC00700330 /* PBXTargetDependency */,
			);
			name = PracticeRxswift3Tests;
			productName = PracticeRxswift3Tests;
			productReference = C99940C32244D3BC00700330 /* PracticeRxswift3Tests.xctest */;
			productType = "com.apple.product-type.bundle.unit-test";
		};
/* End PBXNativeTarget section */

/* Begin PBXProject section */
		C99940A42244D3BA00700330 /* Project object */ = {
			isa = PBXProject;
			attributes = {
				LastSwiftUpdateCheck = 1010;
				LastUpgradeCheck = 1010;
				ORGANIZATIONNAME = daeun;
				TargetAttributes = {
					C99940AB2244D3BA00700330 = {
						CreatedOnToolsVersion = 10.1;
					};
					C99940C22244D3BC00700330 = {
						CreatedOnToolsVersion = 10.1;
						TestTargetID = C99940AB2244D3BA00700330;
					};
				};
			};
			buildConfigurationList = C99940A72244D3BA00700330 /* Build configuration list for PBXProject "PracticeRxswift3" */;
			compatibilityVersion = "Xcode 9.3";
			developmentRegion = en;
			hasScannedForEncodings = 0;
			knownRegions = (
				en,
				Base,
			);
			mainGroup = C99940A32244D3BA00700330;
			productRefGroup = C99940AD2244D3BA00700330 /* Products */;
			projectDirPath = "";
			projectRoot = "";
			targets = (
				C99940AB2244D3BA00700330 /* PracticeRxswift3 */,
				C99940C22244D3BC00700330 /* PracticeRxswift3Tests */,
			);
		};
/* End PBXProject section */

/* Begin PBXResourcesBuildPhase section */
		C99940AA2244D3BA00700330 /* Resources */ = {
			isa = PBXResourcesBuildPhase;
			buildActionMask = 2147483647;
			files = (
				C99940BD2244D3BC00700330 /* LaunchScreen.storyboard in Resources */,
				C99940BA2244D3BC00700330 /* Assets.xcassets in Resources */,
				C99940B52244D3BA00700330 /* Main.storyboard in Resources */,
			);
			runOnlyForDeploymentPostprocessing = 0;
		};
		C99940C12244D3BC00700330 /* Resources */ = {
			isa = PBXResourcesBuildPhase;
			buildActionMask = 2147483647;
			files = (
			);
			runOnlyForDeploymentPostprocessing = 0;
		};
/* End PBXResourcesBuildPhase section */

/* Begin PBXShellScriptBuildPhase section */
		1483DDA3FC58C025974DF143 /* [CP] Check Pods Manifest.lock */ = {
			isa = PBXShellScriptBuildPhase;
			buildActionMask = 2147483647;
			files = (
			);
			inputFileListPaths = (
			);
			inputPaths = (
				"${PODS_PODFILE_DIR_PATH}/Podfile.lock",
				"${PODS_ROOT}/Manifest.lock",
			);
			name = "[CP] Check Pods Manifest.lock";
			outputFileListPaths = (
			);
			outputPaths = (
				"$(DERIVED_FILE_DIR)/Pods-PracticeRxswift3Tests-checkManifestLockResult.txt",
			);
			runOnlyForDeploymentPostprocessing = 0;
			shellPath = /bin/sh;
			shellScript = "diff \"${PODS_PODFILE_DIR_PATH}/Podfile.lock\" \"${PODS_ROOT}/Manifest.lock\" > /dev/null\nif [ $? != 0 ] ; then\n    # print error to STDERR\n    echo \"error: The sandbox is not in sync with the Podfile.lock. Run 'pod install' or update your CocoaPods installation.\" >&2\n    exit 1\nfi\n# This output is used by Xcode 'outputs' to avoid re-running this script phase.\necho \"SUCCESS\" > \"${SCRIPT_OUTPUT_FILE_0}\"\n";
			showEnvVarsInLog = 0;
		};
		2A126B66E384E066C706AB28 /* [CP] Check Pods Manifest.lock */ = {
			isa = PBXShellScriptBuildPhase;
			buildActionMask = 2147483647;
			files = (
			);
			inputFileListPaths = (
			);
			inputPaths = (
				"${PODS_PODFILE_DIR_PATH}/Podfile.lock",
				"${PODS_ROOT}/Manifest.lock",
			);
			name = "[CP] Check Pods Manifest.lock";
			outputFileListPaths = (
			);
			outputPaths = (
				"$(DERIVED_FILE_DIR)/Pods-PracticeRxswift3-checkManifestLockResult.txt",
			);
			runOnlyForDeploymentPostprocessing = 0;
			shellPath = /bin/sh;
			shellScript = "diff \"${PODS_PODFILE_DIR_PATH}/Podfile.lock\" \"${PODS_ROOT}/Manifest.lock\" > /dev/null\nif [ $? != 0 ] ; then\n    # print error to STDERR\n    echo \"error: The sandbox is not in sync with the Podfile.lock. Run 'pod install' or update your CocoaPods installation.\" >&2\n    exit 1\nfi\n# This output is used by Xcode 'outputs' to avoid re-running this script phase.\necho \"SUCCESS\" > \"${SCRIPT_OUTPUT_FILE_0}\"\n";
			showEnvVarsInLog = 0;
		};
		D1A62D1B9820100E0E2BD9C5 /* [CP] Embed Pods Frameworks */ = {
			isa = PBXShellScriptBuildPhase;
			buildActionMask = 2147483647;
			files = (
			);
			inputFileListPaths = (
			);
			inputPaths = (
				"${PODS_ROOT}/Target Support Files/Pods-PracticeRxswift3/Pods-PracticeRxswift3-frameworks.sh",
				"${BUILT_PRODUCTS_DIR}/ChameleonFramework/ChameleonFramework.framework",
				"${BUILT_PRODUCTS_DIR}/RxAtomic/RxAtomic.framework",
				"${BUILT_PRODUCTS_DIR}/RxCocoa/RxCocoa.framework",
				"${BUILT_PRODUCTS_DIR}/RxSwift/RxSwift.framework",
			);
			name = "[CP] Embed Pods Frameworks";
			outputFileListPaths = (
			);
			outputPaths = (
				"${TARGET_BUILD_DIR}/${FRAMEWORKS_FOLDER_PATH}/ChameleonFramework.framework",
				"${TARGET_BUILD_DIR}/${FRAMEWORKS_FOLDER_PATH}/RxAtomic.framework",
				"${TARGET_BUILD_DIR}/${FRAMEWORKS_FOLDER_PATH}/RxCocoa.framework",
				"${TARGET_BUILD_DIR}/${FRAMEWORKS_FOLDER_PATH}/RxSwift.framework",
			);
			runOnlyForDeploymentPostprocessing = 0;
			shellPath = /bin/sh;
			shellScript = "\"${PODS_ROOT}/Target Support Files/Pods-PracticeRxswift3/Pods-PracticeRxswift3-frameworks.sh\"\n";
			showEnvVarsInLog = 0;
		};
/* End PBXShellScriptBuildPhase section */

/* Begin PBXSourcesBuildPhase section */
		C99940A82244D3BA00700330 /* Sources */ = {
			isa = PBXSourcesBuildPhase;
			buildActionMask = 2147483647;
			files = (
				C99940B22244D3BA00700330 /* ViewController.swift in Sources */,
				C99940B82244D3BA00700330 /* PracticeRxswift3.xcdatamodeld in Sources */,
				C96629832247C67000DFD685 /* CircleViewModel.swift in Sources */,
				C99940B02244D3BA00700330 /* AppDelegate.swift in Sources */,
			);
			runOnlyForDeploymentPostprocessing = 0;
		};
		C99940BF2244D3BC00700330 /* Sources */ = {
			isa = PBXSourcesBuildPhase;
			buildActionMask = 2147483647;
			files = (
				C99940C82244D3BC00700330 /* PracticeRxswift3Tests.swift in Sources */,
			);
			runOnlyForDeploymentPostprocessing = 0;
		};
/* End PBXSourcesBuildPhase section */

/* Begin PBXTargetDependency section */
		C99940C52244D3BC00700330 /* PBXTargetDependency */ = {
			isa = PBXTargetDependency;
			target = C99940AB2244D3BA00700330 /* PracticeRxswift3 */;
			targetProxy = C99940C42244D3BC00700330 /* PBXContainerItemProxy */;
		};
/* End PBXTargetDependency section */

/* Begin PBXVariantGroup section */
		C99940B32244D3BA00700330 /* Main.storyboard */ = {
			isa = PBXVariantGroup;
			children = (
				C99940B42244D3BA00700330 /* Base */,
			);
			name = Main.storyboard;
			sourceTree = "<group>";
		};
		C99940BB2244D3BC00700330 /* LaunchScreen.storyboard */ = {
			isa = PBXVariantGroup;
			children = (
				C99940BC2244D3BC00700330 /* Base */,
			);
			name = LaunchScreen.storyboard;
			sourceTree = "<group>";
		};
/* End PBXVariantGroup section */

/* Begin XCBuildConfiguration section */
		C99940CA2244D3BC00700330 /* Debug */ = {
			isa = XCBuildConfiguration;
			buildSettings = {
				ALWAYS_SEARCH_USER_PATHS = NO;
				CLANG_ANALYZER_NONNULL = YES;
				CLANG_ANALYZER_NUMBER_OBJECT_CONVERSION = YES_AGGRESSIVE;
				CLANG_CXX_LANGUAGE_STANDARD = "gnu++14";
				CLANG_CXX_LIBRARY = "libc++";
				CLANG_ENABLE_MODULES = YES;
				CLANG_ENABLE_OBJC_ARC = YES;
				CLANG_ENABLE_OBJC_WEAK = YES;
				CLANG_WARN_BLOCK_CAPTURE_AUTORELEASING = YES;
				CLANG_WARN_BOOL_CONVERSION = YES;
				CLANG_WARN_COMMA = YES;
				CLANG_WARN_CONSTANT_CONVERSION = YES;
				CLANG_WARN_DEPRECATED_OBJC_IMPLEMENTATIONS = YES;
				CLANG_WARN_DIRECT_OBJC_ISA_USAGE = YES_ERROR;
				CLANG_WARN_DOCUMENTATION_COMMENTS = YES;
				CLANG_WARN_EMPTY_BODY = YES;
				CLANG_WARN_ENUM_CONVERSION = YES;
				CLANG_WARN_INFINITE_RECURSION = YES;
				CLANG_WARN_INT_CONVERSION = YES;
				CLANG_WARN_NON_LITERAL_NULL_CONVERSION = YES;
				CLANG_WARN_OBJC_IMPLICIT_RETAIN_SELF = YES;
				CLANG_WARN_OBJC_LITERAL_CONVERSION = YES;
				CLANG_WARN_OBJC_ROOT_CLASS = YES_ERROR;
				CLANG_WARN_RANGE_LOOP_ANALYSIS = YES;
				CLANG_WARN_STRICT_PROTOTYPES = YES;
				CLANG_WARN_SUSPICIOUS_MOVE = YES;
				CLANG_WARN_UNGUARDED_AVAILABILITY = YES_AGGRESSIVE;
				CLANG_WARN_UNREACHABLE_CODE = YES;
				CLANG_WARN__DUPLICATE_METHOD_MATCH = YES;
				CODE_SIGN_IDENTITY = "iPhone Developer";
				COPY_PHASE_STRIP = NO;
				DEBUG_INFORMATION_FORMAT = dwarf;
				ENABLE_STRICT_OBJC_MSGSEND = YES;
				ENABLE_TESTABILITY = YES;
				GCC_C_LANGUAGE_STANDARD = gnu11;
				GCC_DYNAMIC_NO_PIC = NO;
				GCC_NO_COMMON_BLOCKS = YES;
				GCC_OPTIMIZATION_LEVEL = 0;
				GCC_PREPROCESSOR_DEFINITIONS = (
					"DEBUG=1",
					"$(inherited)",
				);
				GCC_WARN_64_TO_32_BIT_CONVERSION = YES;
				GCC_WARN_ABOUT_RETURN_TYPE = YES_ERROR;
				GCC_WARN_UNDECLARED_SELECTOR = YES;
				GCC_WARN_UNINITIALIZED_AUTOS = YES_AGGRESSIVE;
				GCC_WARN_UNUSED_FUNCTION = YES;
				GCC_WARN_UNUSED_VARIABLE = YES;
				IPHONEOS_DEPLOYMENT_TARGET = 12.1;
				MTL_ENABLE_DEBUG_INFO = INCLUDE_SOURCE;
				MTL_FAST_MATH = YES;
				ONLY_ACTIVE_ARCH = YES;
				SDKROOT = iphoneos;
				SWIFT_ACTIVE_COMPILATION_CONDITIONS = DEBUG;
				SWIFT_OPTIMIZATION_LEVEL = "-Onone";
			};
			name = Debug;
		};
		C99940CB2244D3BC00700330 /* Release */ = {
			isa = XCBuildConfiguration;
			buildSettings = {
				ALWAYS_SEARCH_USER_PATHS = NO;
				CLANG_ANALYZER_NONNULL = YES;
				CLANG_ANALYZER_NUMBER_OBJECT_CONVERSION = YES_AGGRESSIVE;
				CLANG_CXX_LANGUAGE_STANDARD = "gnu++14";
				CLANG_CXX_LIBRARY = "libc++";
				CLANG_ENABLE_MODULES = YES;
				CLANG_ENABLE_OBJC_ARC = YES;
				CLANG_ENABLE_OBJC_WEAK = YES;
				CLANG_WARN_BLOCK_CAPTURE_AUTORELEASING = YES;
				CLANG_WARN_BOOL_CONVERSION = YES;
				CLANG_WARN_COMMA = YES;
				CLANG_WARN_CONSTANT_CONVERSION = YES;
				CLANG_WARN_DEPRECATED_OBJC_IMPLEMENTATIONS = YES;
				CLANG_WARN_DIRECT_OBJC_ISA_USAGE = YES_ERROR;
				CLANG_WARN_DOCUMENTATION_COMMENTS = YES;
				CLANG_WARN_EMPTY_BODY = YES;
				CLANG_WARN_ENUM_CONVERSION = YES;
				CLANG_WARN_INFINITE_RECURSION = YES;
				CLANG_WARN_INT_CONVERSION = YES;
				CLANG_WARN_NON_LITERAL_NULL_CONVERSION = YES;
				CLANG_WARN_OBJC_IMPLICIT_RETAIN_SELF = YES;
				CLANG_WARN_OBJC_LITERAL_CONVERSION = YES;
				CLANG_WARN_OBJC_ROOT_CLASS = YES_ERROR;
				CLANG_WARN_RANGE_LOOP_ANALYSIS = YES;
				CLANG_WARN_STRICT_PROTOTYPES = YES;
				CLANG_WARN_SUSPICIOUS_MOVE = YES;
				CLANG_WARN_UNGUARDED_AVAILABILITY = YES_AGGRESSIVE;
				CLANG_WARN_UNREACHABLE_CODE = YES;
				CLANG_WARN__DUPLICATE_METHOD_MATCH = YES;
				CODE_SIGN_IDENTITY = "iPhone Developer";
				COPY_PHASE_STRIP = NO;
				DEBUG_INFORMATION_FORMAT = "dwarf-with-dsym";
				ENABLE_NS_ASSERTIONS = NO;
				ENABLE_STRICT_OBJC_MSGSEND = YES;
				GCC_C_LANGUAGE_STANDARD = gnu11;
				GCC_NO_COMMON_BLOCKS = YES;
				GCC_WARN_64_TO_32_BIT_CONVERSION = YES;
				GCC_WARN_ABOUT_RETURN_TYPE = YES_ERROR;
				GCC_WARN_UNDECLARED_SELECTOR = YES;
				GCC_WARN_UNINITIALIZED_AUTOS = YES_AGGRESSIVE;
				GCC_WARN_UNUSED_FUNCTION = YES;
				GCC_WARN_UNUSED_VARIABLE = YES;
				IPHONEOS_DEPLOYMENT_TARGET = 12.1;
				MTL_ENABLE_DEBUG_INFO = NO;
				MTL_FAST_MATH = YES;
				SDKROOT = iphoneos;
				SWIFT_COMPILATION_MODE = wholemodule;
				SWIFT_OPTIMIZATION_LEVEL = "-O";
				VALIDATE_PRODUCT = YES;
			};
			name = Release;
		};
		C99940CD2244D3BC00700330 /* Debug */ = {
			isa = XCBuildConfiguration;
			baseConfigurationReference = 58B0A640C65FDA22DF1B7F5A /* Pods-PracticeRxswift3.debug.xcconfig */;
			buildSettings = {
				ASSETCATALOG_COMPILER_APPICON_NAME = AppIcon;
				CODE_SIGN_STYLE = Automatic;
				DEVELOPMENT_TEAM = C5SCB28SAG;
				INFOPLIST_FILE = PracticeRxswift3/Info.plist;
				LD_RUNPATH_SEARCH_PATHS = (
					"$(inherited)",
					"@executable_path/Frameworks",
				);
				PRODUCT_BUNDLE_IDENTIFIER = dasilver.jeong.PracticeRxswift3;
				PRODUCT_NAME = "$(TARGET_NAME)";
				SWIFT_VERSION = 4.2;
				TARGETED_DEVICE_FAMILY = "1,2";
			};
			name = Debug;
		};
		C99940CE2244D3BC00700330 /* Release */ = {
			isa = XCBuildConfiguration;
			baseConfigurationReference = 08D1DE06CA17E2BFEA62EEF2 /* Pods-PracticeRxswift3.release.xcconfig */;
			buildSettings = {
				ASSETCATALOG_COMPILER_APPICON_NAME = AppIcon;
				CODE_SIGN_STYLE = Automatic;
				DEVELOPMENT_TEAM = C5SCB28SAG;
				INFOPLIST_FILE = PracticeRxswift3/Info.plist;
				LD_RUNPATH_SEARCH_PATHS = (
					"$(inherited)",
					"@executable_path/Frameworks",
				);
				PRODUCT_BUNDLE_IDENTIFIER = dasilver.jeong.PracticeRxswift3;
				PRODUCT_NAME = "$(TARGET_NAME)";
				SWIFT_VERSION = 4.2;
				TARGETED_DEVICE_FAMILY = "1,2";
			};
			name = Release;
		};
		C99940D02244D3BC00700330 /* Debug */ = {
			isa = XCBuildConfiguration;
			baseConfigurationReference = 4418D0D52FC21D7F639522BB /* Pods-PracticeRxswift3Tests.debug.xcconfig */;
			buildSettings = {
				ALWAYS_EMBED_SWIFT_STANDARD_LIBRARIES = YES;
				BUNDLE_LOADER = "$(TEST_HOST)";
				CODE_SIGN_STYLE = Automatic;
				INFOPLIST_FILE = PracticeRxswift3Tests/Info.plist;
				LD_RUNPATH_SEARCH_PATHS = (
					"$(inherited)",
					"@executable_path/Frameworks",
					"@loader_path/Frameworks",
				);
				PRODUCT_BUNDLE_IDENTIFIER = dasilver.jeong.PracticeRxswift3Tests;
				PRODUCT_NAME = "$(TARGET_NAME)";
				SWIFT_VERSION = 4.2;
				TARGETED_DEVICE_FAMILY = "1,2";
				TEST_HOST = "$(BUILT_PRODUCTS_DIR)/PracticeRxswift3.app/PracticeRxswift3";
			};
			name = Debug;
		};
		C99940D12244D3BC00700330 /* Release */ = {
			isa = XCBuildConfiguration;
			baseConfigurationReference = CC35A9AD0055E4CF236E03BB /* Pods-PracticeRxswift3Tests.release.xcconfig */;
			buildSettings = {
				ALWAYS_EMBED_SWIFT_STANDARD_LIBRARIES = YES;
				BUNDLE_LOADER = "$(TEST_HOST)";
				CODE_SIGN_STYLE = Automatic;
				INFOPLIST_FILE = PracticeRxswift3Tests/Info.plist;
				LD_RUNPATH_SEARCH_PATHS = (
					"$(inherited)",
					"@executable_path/Frameworks",
					"@loader_path/Frameworks",
				);
				PRODUCT_BUNDLE_IDENTIFIER = dasilver.jeong.PracticeRxswift3Tests;
				PRODUCT_NAME = "$(TARGET_NAME)";
				SWIFT_VERSION = 4.2;
				TARGETED_DEVICE_FAMILY = "1,2";
				TEST_HOST = "$(BUILT_PRODUCTS_DIR)/PracticeRxswift3.app/PracticeRxswift3";
			};
			name = Release;
		};
/* End XCBuildConfiguration section */

/* Begin XCConfigurationList section */
		C99940A72244D3BA00700330 /* Build configuration list for PBXProject "PracticeRxswift3" */ = {
			isa = XCConfigurationList;
			buildConfigurations = (
				C99940CA2244D3BC00700330 /* Debug */,
				C99940CB2244D3BC00700330 /* Release */,
			);
			defaultConfigurationIsVisible = 0;
			defaultConfigurationName = Release;
		};
		C99940CC2244D3BC00700330 /* Build configuration list for PBXNativeTarget "PracticeRxswift3" */ = {
			isa = XCConfigurationList;
			buildConfigurations = (
				C99940CD2244D3BC00700330 /* Debug */,
				C99940CE2244D3BC00700330 /* Release */,
			);
			defaultConfigurationIsVisible = 0;
			defaultConfigurationName = Release;
		};
		C99940CF2244D3BC00700330 /* Build configuration list for PBXNativeTarget "PracticeRxswift3Tests" */ = {
			isa = XCConfigurationList;
			buildConfigurations = (
				C99940D02244D3BC00700330 /* Debug */,
				C99940D12244D3BC00700330 /* Release */,
			);
			defaultConfigurationIsVisible = 0;
			defaultConfigurationName = Release;
		};
/* End XCConfigurationList section */

/* Begin XCVersionGroup section */
		C99940B62244D3BA00700330 /* PracticeRxswift3.xcdatamodeld */ = {
			isa = XCVersionGroup;
			children = (
				C99940B72244D3BA00700330 /* PracticeRxswift3.xcdatamodel */,
			);
			currentVersion = C99940B72244D3BA00700330 /* PracticeRxswift3.xcdatamodel */;
			path = PracticeRxswift3.xcdatamodeld;
			sourceTree = "<group>";
			versionGroupType = wrapper.xcdatamodel;
		};
/* End XCVersionGroup section */
	};
	rootObject = C99940A42244D3BA00700330 /* Project object */;
}
